
Microsoft Visual Studio Solution File, Format Version 12.00
# Visual Studio 15
VisualStudioVersion = 15.0.33529.398
MinimumVisualStudioVersion = 10.0.40219.1
Project("{FAE04EC0-301F-11D3-BF4B-00C04F79EFBC}") = "WebApi", "WebApi\WebApi.csproj", "{94FBB717-F719-4C6D-BD53-CA14B89BC1A6}"
EndProject
Global
	GlobalSection(SolutionConfigurationPlatforms) = preSolution
		Debug|Any CPU = Debug|Any CPU
		Release|Any CPU = Release|Any CPU
	EndGlobalSection
	GlobalSection(ProjectConfigurationPlatforms) = postSolution
		{94FBB717-F719-4C6D-BD53-CA14B89BC1A6}.Debug|Any CPU.ActiveCfg = Debug|Any CPU
		{94FBB717-F719-4C6D-BD53-CA14B89BC1A6}.Debug|Any CPU.Build.0 = Debug|Any CPU
		{94FBB717-F719-4C6D-BD53-CA14B89BC1A6}.Release|Any CPU.ActiveCfg = Release|Any CPU
		{94FBB717-F719-4C6D-BD53-CA14B89BC1A6}.Release|Any CPU.Build.0 = Release|Any CPU
	EndGlobalSection
	GlobalSection(SolutionProperties) = preSolution
		HideSolutionNode = FALSE
	EndGlobalSection
	GlobalSection(ExtensibilityGlobals) = postSolution
		SolutionGuid = {2E01BD3E-997A-4006-9924-C0FC523D901C}
	EndGlobalSection
EndGlobal
